
Microsoft Visual Studio Solution File, Format Version 12.00
# Visual Studio Version 17
VisualStudioVersion = 17.2.32616.157
MinimumVisualStudioVersion = 10.0.40219.1
Project("{FAE04EC0-301F-11D3-BF4B-00C04F79EFBC}") = "BilgeShop.Data", "BilgeShop.Data\BilgeShop.Data.csproj", "{A9F21C28-EBAF-44F5-BF76-02320417C057}"
EndProject
Project("{FAE04EC0-301F-11D3-BF4B-00C04F79EFBC}") = "BilgeShop.Business", "BilgeShop.Business\BilgeShop.Business.csproj", "{D0B7C926-19C9-4410-BE84-18AED86B9190}"
EndProject
Project("{FAE04EC0-301F-11D3-BF4B-00C04F79EFBC}") = "BilgeShop.WebUI", "BilgeShop.WebUI\BilgeShop.WebUI.csproj", "{FABC8A0E-2C48-4C6B-A2EC-E1F640D5FDF0}"
EndProject
Project("{2150E333-8FDC-42A3-9474-1A3956D46DE8}") = "Solution Items", "Solution Items", "{3D81A816-2D56-48A3-9F74-CFC79C8624F2}"
	ProjectSection(SolutionItems) = preProject
		Notlar.txt = Notlar.txt
	EndProjectSection
EndProject
Global
	GlobalSection(SolutionConfigurationPlatforms) = preSolution
		Debug|Any CPU = Debug|Any CPU
		Release|Any CPU = Release|Any CPU
	EndGlobalSection
	GlobalSection(ProjectConfigurationPlatforms) = postSolution
		{A9F21C28-EBAF-44F5-BF76-02320417C057}.Debug|Any CPU.ActiveCfg = Debug|Any CPU
		{A9F21C28-EBAF-44F5-BF76-02320417C057}.Debug|Any CPU.Build.0 = Debug|Any CPU
		{A9F21C28-EBAF-44F5-BF76-02320417C057}.Release|Any CPU.ActiveCfg = Release|Any CPU
		{A9F21C28-EBAF-44F5-BF76-02320417C057}.Release|Any CPU.Build.0 = Release|Any CPU
		{D0B7C926-19C9-4410-BE84-18AED86B9190}.Debug|Any CPU.ActiveCfg = Debug|Any CPU
		{D0B7C926-19C9-4410-BE84-18AED86B9190}.Debug|Any CPU.Build.0 = Debug|Any CPU
		{D0B7C926-19C9-4410-BE84-18AED86B9190}.Release|Any CPU.ActiveCfg = Release|Any CPU
		{D0B7C926-19C9-4410-BE84-18AED86B9190}.Release|Any CPU.Build.0 = Release|Any CPU
		{FABC8A0E-2C48-4C6B-A2EC-E1F640D5FDF0}.Debug|Any CPU.ActiveCfg = Debug|Any CPU
		{FABC8A0E-2C48-4C6B-A2EC-E1F640D5FDF0}.Debug|Any CPU.Build.0 = Debug|Any CPU
		{FABC8A0E-2C48-4C6B-A2EC-E1F640D5FDF0}.Release|Any CPU.ActiveCfg = Release|Any CPU
		{FABC8A0E-2C48-4C6B-A2EC-E1F640D5FDF0}.Release|Any CPU.Build.0 = Release|Any CPU
	EndGlobalSection
	GlobalSection(SolutionProperties) = preSolution
		HideSolutionNode = FALSE
	EndGlobalSection
	GlobalSection(ExtensibilityGlobals) = postSolution
		SolutionGuid = {F2CF4F9F-63CD-43C1-82A7-5209380EBE5F}
	EndGlobalSection
EndGlobal
